
Microsoft Visual Studio Solution File, Format Version 12.00
# Visual Studio Version 16
VisualStudioVersion = 16.0.31727.386
MinimumVisualStudioVersion = 10.0.40219.1
Project("{FAE04EC0-301F-11D3-BF4B-00C04F79EFBC}") = "dotnet-project", "dotnet-project\dotnet-project.csproj", "{07B9BBFB-4299-4EE0-8340-E33B14820F6C}"
EndProject
Global
	GlobalSection(SolutionConfigurationPlatforms) = preSolution
		Debug|Any CPU = Debug|Any CPU
		Release|Any CPU = Release|Any CPU
	EndGlobalSection
	GlobalSection(ProjectConfigurationPlatforms) = postSolution
		{07B9BBFB-4299-4EE0-8340-E33B14820F6C}.Debug|Any CPU.ActiveCfg = Debug|Any CPU
		{07B9BBFB-4299-4EE0-8340-E33B14820F6C}.Debug|Any CPU.Build.0 = Debug|Any CPU
		{07B9BBFB-4299-4EE0-8340-E33B14820F6C}.Release|Any CPU.ActiveCfg = Release|Any CPU
		{07B9BBFB-4299-4EE0-8340-E33B14820F6C}.Release|Any CPU.Build.0 = Release|Any CPU
	EndGlobalSection
	GlobalSection(SolutionProperties) = preSolution
		HideSolutionNode = FALSE
	EndGlobalSection
	GlobalSection(ExtensibilityGlobals) = postSolution
		SolutionGuid = {772E0F2B-3AD1-4D0D-A8A0-EFEB414BB5AE}
	EndGlobalSection
EndGlobal
